
Microsoft Visual Studio Solution File, Format Version 12.00
# Visual Studio Version 17
VisualStudioVersion = 17.8.34330.188
MinimumVisualStudioVersion = 10.0.40219.1
Project("{FAE04EC0-301F-11D3-BF4B-00C04F79EFBC}") = "Route.C41.G02.PL", "Route.C41.G02.PL\Route.C41.G02.PL.csproj", "{E92B98D5-0C06-4626-813F-6050710501A3}"
EndProject
Project("{FAE04EC0-301F-11D3-BF4B-00C04F79EFBC}") = "Route.C4.G02.DAL", "Route.C4.G02.DAL\Route.C4.G02.DAL.csproj", "{8D2D0835-ED29-498F-A743-6C708413818C}"
EndProject
Project("{FAE04EC0-301F-11D3-BF4B-00C04F79EFBC}") = "Route.C41.G02.BLL", "Route.C41.G02.BLL\Route.C41.G02.BLL.csproj", "{DB1BFC1B-686A-4B4B-AC58-513DDEF47520}"
EndProject
Global
	GlobalSection(SolutionConfigurationPlatforms) = preSolution
		Debug|Any CPU = Debug|Any CPU
		Release|Any CPU = Release|Any CPU
	EndGlobalSection
	GlobalSection(ProjectConfigurationPlatforms) = postSolution
		{E92B98D5-0C06-4626-813F-6050710501A3}.Debug|Any CPU.ActiveCfg = Debug|Any CPU
		{E92B98D5-0C06-4626-813F-6050710501A3}.Debug|Any CPU.Build.0 = Debug|Any CPU
		{E92B98D5-0C06-4626-813F-6050710501A3}.Release|Any CPU.ActiveCfg = Release|Any CPU
		{E92B98D5-0C06-4626-813F-6050710501A3}.Release|Any CPU.Build.0 = Release|Any CPU
		{8D2D0835-ED29-498F-A743-6C708413818C}.Debug|Any CPU.ActiveCfg = Debug|Any CPU
		{8D2D0835-ED29-498F-A743-6C708413818C}.Debug|Any CPU.Build.0 = Debug|Any CPU
		{8D2D0835-ED29-498F-A743-6C708413818C}.Release|Any CPU.ActiveCfg = Release|Any CPU
		{8D2D0835-ED29-498F-A743-6C708413818C}.Release|Any CPU.Build.0 = Release|Any CPU
		{DB1BFC1B-686A-4B4B-AC58-513DDEF47520}.Debug|Any CPU.ActiveCfg = Debug|Any CPU
		{DB1BFC1B-686A-4B4B-AC58-513DDEF47520}.Debug|Any CPU.Build.0 = Debug|Any CPU
		{DB1BFC1B-686A-4B4B-AC58-513DDEF47520}.Release|Any CPU.ActiveCfg = Release|Any CPU
		{DB1BFC1B-686A-4B4B-AC58-513DDEF47520}.Release|Any CPU.Build.0 = Release|Any CPU
	EndGlobalSection
	GlobalSection(SolutionProperties) = preSolution
		HideSolutionNode = FALSE
	EndGlobalSection
	GlobalSection(ExtensibilityGlobals) = postSolution
		SolutionGuid = {449FEC86-2C57-4483-B353-42625F34AC54}
	EndGlobalSection
EndGlobal
